
Microsoft Visual Studio Solution File, Format Version 12.00
# Visual Studio Version 16
VisualStudioVersion = 16.0.29201.188
MinimumVisualStudioVersion = 10.0.40219.1
Project("{FAE04EC0-301F-11D3-BF4B-00C04F79EFBC}") = "THS_Condica_Backend", "THS_Condica_Backend\THS_Condica_Backend.csproj", "{A1190859-5340-4DFB-BF44-645A6E046894}"
EndProject
Global
	GlobalSection(SolutionConfigurationPlatforms) = preSolution
		Debug|Any CPU = Debug|Any CPU
		Release|Any CPU = Release|Any CPU
	EndGlobalSection
	GlobalSection(ProjectConfigurationPlatforms) = postSolution
		{A1190859-5340-4DFB-BF44-645A6E046894}.Debug|Any CPU.ActiveCfg = Debug|Any CPU
		{A1190859-5340-4DFB-BF44-645A6E046894}.Debug|Any CPU.Build.0 = Debug|Any CPU
		{A1190859-5340-4DFB-BF44-645A6E046894}.Release|Any CPU.ActiveCfg = Release|Any CPU
		{A1190859-5340-4DFB-BF44-645A6E046894}.Release|Any CPU.Build.0 = Release|Any CPU
	EndGlobalSection
	GlobalSection(SolutionProperties) = preSolution
		HideSolutionNode = FALSE
	EndGlobalSection
	GlobalSection(ExtensibilityGlobals) = postSolution
		SolutionGuid = {A5C96676-8E27-498F-8A45-3D50A40EF15A}
	EndGlobalSection
EndGlobal
